# THIS IS AN AUTOGENERATED FILE. DO NOT EDIT THIS FILE DIRECTLY.
# yarn lockfile v1


lin-ui@^0.9.13:
  version "0.9.13"
  resolved "https://registry.yarnpkg.com/lin-ui/-/lin-ui-0.9.13.tgz#bad0bafa2176f8dba133cf1f0ff1229b636430ca"
  integrity sha512-RFRq1D+jCkhFzVCe/Y4C/NnWEK21ZiY961/HJR3mHmHmdq5IkrNBt/39WsUuWcDPty48WaY/3IipOPBBD+7ttw==
